{
  "name": "simplesocialapp",
  "version": "1.0.0",
  "lockfileVersion": 1,
  "requires": true,
  "dependencies": {
    "@types/jsonwebtoken": {
      "version": "7.2.7",
      "resolved": "https://registry.npmjs.org/@types/jsonwebtoken/-/jsonwebtoken-7.2.7.tgz",
      "integrity": "sha512-lq9X76APpxGJDUe1VptL1P5GrogqhPCH+SDy94+gaBJw7Hhj6hwrVC6zuxAx2GrgktkBuwydESZBvPfrdBoOEg==",
      "dev": true,
      "requires": {
        "@types/node": "10.1.2"
      }
    },
    "@types/node": {
      "version": "10.1.2",
      "resolved": "https://registry.npmjs.org/@types/node/-/node-10.1.2.tgz",
      "integrity": "sha512-bjk1RIeZBCe/WukrFToIVegOf91Pebr8cXYBwLBIsfiGWVQ+ifwWsT59H3RxrWzWrzd1l/Amk1/ioY5Fq3/bpA==",
      "dev": true
    }
  }
}
